
Microsoft Visual Studio Solution File, Format Version 12.00
# Visual Studio Version 17
VisualStudioVersion = 17.7.34031.279
MinimumVisualStudioVersion = 10.0.40219.1
Project("{9A19103F-16F7-4668-BE54-9A1E7A4F7556}") = "BulkyBookWeb", "dotnetCore-demo\BulkyBookWeb.csproj", "{D34095F4-7ABA-46DA-BB47-759AEB09CD01}"
EndProject
Project("{9A19103F-16F7-4668-BE54-9A1E7A4F7556}") = "Bulky.BookDataAccess", "Bulky.DataAccess\Bulky.BookDataAccess.csproj", "{ABA87E31-8215-4B8D-9DD6-DDB71D2BB9AB}"
EndProject
Project("{9A19103F-16F7-4668-BE54-9A1E7A4F7556}") = "BulkyBook.Models", "Bulky.Models\BulkyBook.Models.csproj", "{DD967007-998B-4CE0-A464-A84A8F00E6BE}"
EndProject
Project("{9A19103F-16F7-4668-BE54-9A1E7A4F7556}") = "BulkyBook", "Bulky.Utility\BulkyBook.csproj", "{21F6E708-7258-428E-8F09-884C532B5011}"
EndProject
Global
	GlobalSection(SolutionConfigurationPlatforms) = preSolution
		Debug|Any CPU = Debug|Any CPU
		Release|Any CPU = Release|Any CPU
	EndGlobalSection
	GlobalSection(ProjectConfigurationPlatforms) = postSolution
		{D34095F4-7ABA-46DA-BB47-759AEB09CD01}.Debug|Any CPU.ActiveCfg = Debug|Any CPU
		{D34095F4-7ABA-46DA-BB47-759AEB09CD01}.Debug|Any CPU.Build.0 = Debug|Any CPU
		{D34095F4-7ABA-46DA-BB47-759AEB09CD01}.Release|Any CPU.ActiveCfg = Release|Any CPU
		{D34095F4-7ABA-46DA-BB47-759AEB09CD01}.Release|Any CPU.Build.0 = Release|Any CPU
		{ABA87E31-8215-4B8D-9DD6-DDB71D2BB9AB}.Debug|Any CPU.ActiveCfg = Debug|Any CPU
		{ABA87E31-8215-4B8D-9DD6-DDB71D2BB9AB}.Debug|Any CPU.Build.0 = Debug|Any CPU
		{ABA87E31-8215-4B8D-9DD6-DDB71D2BB9AB}.Release|Any CPU.ActiveCfg = Release|Any CPU
		{ABA87E31-8215-4B8D-9DD6-DDB71D2BB9AB}.Release|Any CPU.Build.0 = Release|Any CPU
		{DD967007-998B-4CE0-A464-A84A8F00E6BE}.Debug|Any CPU.ActiveCfg = Debug|Any CPU
		{DD967007-998B-4CE0-A464-A84A8F00E6BE}.Debug|Any CPU.Build.0 = Debug|Any CPU
		{DD967007-998B-4CE0-A464-A84A8F00E6BE}.Release|Any CPU.ActiveCfg = Release|Any CPU
		{DD967007-998B-4CE0-A464-A84A8F00E6BE}.Release|Any CPU.Build.0 = Release|Any CPU
		{21F6E708-7258-428E-8F09-884C532B5011}.Debug|Any CPU.ActiveCfg = Debug|Any CPU
		{21F6E708-7258-428E-8F09-884C532B5011}.Debug|Any CPU.Build.0 = Debug|Any CPU
		{21F6E708-7258-428E-8F09-884C532B5011}.Release|Any CPU.ActiveCfg = Release|Any CPU
		{21F6E708-7258-428E-8F09-884C532B5011}.Release|Any CPU.Build.0 = Release|Any CPU
	EndGlobalSection
	GlobalSection(SolutionProperties) = preSolution
		HideSolutionNode = FALSE
	EndGlobalSection
	GlobalSection(ExtensibilityGlobals) = postSolution
		SolutionGuid = {DBF9FB77-16FB-44B6-AD68-77E3D64E2288}
	EndGlobalSection
EndGlobal
